
Microsoft Visual Studio Solution File, Format Version 12.00
# Visual Studio Version 16
VisualStudioVersion = 16.0.29905.134
MinimumVisualStudioVersion = 10.0.40219.1
Project("{FAE04EC0-301F-11D3-BF4B-00C04F79EFBC}") = "OneHundredQuestions-ASP.Net", "OneHundredQuestions-ASP.Net.csproj", "{6A65D0DA-8308-490E-AED5-23C2906E466E}"
EndProject
Global
	GlobalSection(SolutionConfigurationPlatforms) = preSolution
		Debug|Any CPU = Debug|Any CPU
		Release|Any CPU = Release|Any CPU
	EndGlobalSection
	GlobalSection(ProjectConfigurationPlatforms) = postSolution
		{6A65D0DA-8308-490E-AED5-23C2906E466E}.Debug|Any CPU.ActiveCfg = Debug|Any CPU
		{6A65D0DA-8308-490E-AED5-23C2906E466E}.Debug|Any CPU.Build.0 = Debug|Any CPU
		{6A65D0DA-8308-490E-AED5-23C2906E466E}.Release|Any CPU.ActiveCfg = Release|Any CPU
		{6A65D0DA-8308-490E-AED5-23C2906E466E}.Release|Any CPU.Build.0 = Release|Any CPU
	EndGlobalSection
	GlobalSection(SolutionProperties) = preSolution
		HideSolutionNode = FALSE
	EndGlobalSection
	GlobalSection(ExtensibilityGlobals) = postSolution
		SolutionGuid = {6356C40B-12D3-4544-839B-693FC8FBCCF2}
	EndGlobalSection
EndGlobal
